
Microsoft Visual Studio Solution File, Format Version 12.00
# Visual Studio Version 17
VisualStudioVersion = 17.13.35806.99 d17.13
MinimumVisualStudioVersion = 10.0.40219.1
Project("{FAE04EC0-301F-11D3-BF4B-00C04F79EFBC}") = "HomeWork", "HomeWork.csproj", "{543A07EC-A9A6-4AC0-BE71-384378540CDC}"
EndProject
Global
	GlobalSection(SolutionConfigurationPlatforms) = preSolution
		Debug|Any CPU = Debug|Any CPU
		Release|Any CPU = Release|Any CPU
	EndGlobalSection
	GlobalSection(ProjectConfigurationPlatforms) = postSolution
		{543A07EC-A9A6-4AC0-BE71-384378540CDC}.Debug|Any CPU.ActiveCfg = Debug|Any CPU
		{543A07EC-A9A6-4AC0-BE71-384378540CDC}.Debug|Any CPU.Build.0 = Debug|Any CPU
		{543A07EC-A9A6-4AC0-BE71-384378540CDC}.Release|Any CPU.ActiveCfg = Release|Any CPU
		{543A07EC-A9A6-4AC0-BE71-384378540CDC}.Release|Any CPU.Build.0 = Release|Any CPU
	EndGlobalSection
	GlobalSection(SolutionProperties) = preSolution
		HideSolutionNode = FALSE
	EndGlobalSection
	GlobalSection(ExtensibilityGlobals) = postSolution
		SolutionGuid = {FC39A9D2-7AAE-43A8-8BC2-1BF3CC0B261B}
	EndGlobalSection
EndGlobal
